
Microsoft Visual Studio Solution File, Format Version 12.00
# Visual Studio Version 17
VisualStudioVersion = 17.1.32210.238
MinimumVisualStudioVersion = 10.0.40219.1
Project("{FAE04EC0-301F-11D3-BF4B-00C04F79EFBC}") = "DeleteRecord", "DeleteRecord.csproj", "{856D5321-104F-4BC1-8C5C-6EE0421D730D}"
EndProject
Global
	GlobalSection(SolutionConfigurationPlatforms) = preSolution
		Debug|Any CPU = Debug|Any CPU
		Release|Any CPU = Release|Any CPU
	EndGlobalSection
	GlobalSection(ProjectConfigurationPlatforms) = postSolution
		{856D5321-104F-4BC1-8C5C-6EE0421D730D}.Debug|Any CPU.ActiveCfg = Debug|Any CPU
		{856D5321-104F-4BC1-8C5C-6EE0421D730D}.Debug|Any CPU.Build.0 = Debug|Any CPU
		{856D5321-104F-4BC1-8C5C-6EE0421D730D}.Release|Any CPU.ActiveCfg = Release|Any CPU
		{856D5321-104F-4BC1-8C5C-6EE0421D730D}.Release|Any CPU.Build.0 = Release|Any CPU
	EndGlobalSection
	GlobalSection(SolutionProperties) = preSolution
		HideSolutionNode = FALSE
	EndGlobalSection
	GlobalSection(ExtensibilityGlobals) = postSolution
		SolutionGuid = {A81F1020-CF6C-49BB-B0DC-DCF50088F44A}
	EndGlobalSection
EndGlobal
